// !$*UTF8*$!
{
	archiveVersion = 1;
	classes = {
	};
	objectVersion = 46;
	objects = {

/* Begin PBXBuildFile section */
		02CFB4F71A86455200DC51CA /* AppDelegate.swift in Sources */ = {isa = PBXBuildFile; fileRef = 02CFB4F61A86455200DC51CA /* AppDelegate.swift */; };
		02CFB4F91A86455200DC51CA /* ViewController.swift in Sources */ = {isa = PBXBuildFile; fileRef = 02CFB4F81A86455200DC51CA /* ViewController.swift */; };
		02CFB4FC1A86455200DC51CA /* Main.storyboard in Resources */ = {isa = PBXBuildFile; fileRef = 02CFB4FA1A86455200DC51CA /* Main.storyboard */; };
		02CFB4FE1A86455200DC51CA /* Images.xcassets in Resources */ = {isa = PBXBuildFile; fileRef = 02CFB4FD1A86455200DC51CA /* Images.xcassets */; };
		02CFB5011A86455200DC51CA /* LaunchScreen.xib in Resources */ = {isa = PBXBuildFile; fileRef = 02CFB4FF1A86455200DC51CA /* LaunchScreen.xib */; };
		02CFB50D1A86455200DC51CA /* testTests.swift in Sources */ = {isa = PBXBuildFile; fileRef = 02CFB50C1A86455200DC51CA /* testTests.swift */; };
/* End PBXBuildFile section */

/* Begin PBXContainerItemProxy section */
		02CFB5071A86455200DC51CA /* PBXContainerItemProxy */ = {
			isa = PBXContainerItemProxy;
			containerPortal = 02CFB4E91A86455200DC51CA /* Project object */;
			proxyType = 1;
			remoteGlobalIDString = 02CFB4F01A86455200DC51CA;
			remoteInfo = test;
		};
/* End PBXContainerItemProxy section */

/* Begin PBXFileReference section */
		02CFB4F11A86455200DC51CA /* test.app */ = {isa = PBXFileReference; explicitFileType = wrapper.application; includeInIndex = 0; path = test.app; sourceTree = BUILT_PRODUCTS_DIR; };
		02CFB4F51A86455200DC51CA /* Info.plist */ = {isa = PBXFileReference; lastKnownFileType = text.plist.xml; path = Info.plist; sourceTree = "<group>"; };
		02CFB4F61A86455200DC51CA /* AppDelegate.swift */ = {isa = PBXFileReference; lastKnownFileType = sourcecode.swift; path = AppDelegate.swift; sourceTree = "<group>"; };
		02CFB4F81A86455200DC51CA /* ViewController.swift */ = {isa = PBXFileReference; lastKnownFileType = sourcecode.swift; path = ViewController.swift; sourceTree = "<group>"; };
		02CFB4FB1A86455200DC51CA /* Base */ = {isa = PBXFileReference; lastKnownFileType = file.storyboard; name = Base; path = Base.lproj/Main.storyboard; sourceTree = "<group>"; };
		02CFB4FD1A86455200DC51CA /* Images.xcassets */ = {isa = PBXFileReference; lastKnownFileType = folder.assetcatalog; path = Images.xcassets; sourceTree = "<group>"; };
		02CFB5001A86455200DC51CA /* Base */ = {isa = PBXFileReference; lastKnownFileType = file.xib; name = Base; path = Base.lproj/LaunchScreen.xib; sourceTree = "<group>"; };
		02CFB5061A86455200DC51CA /* testTests.xctest */ = {isa = PBXFileReference; explicitFileType = wrapper.cfbundle; includeInIndex = 0; path = testTests.xctest; sourceTree = BUILT_PRODUCTS_DIR; };
		02CFB50B1A86455200DC51CA /* Info.plist */ = {isa = PBXFileReference; lastKnownFileType = text.plist.xml; path = Info.plist; sourceTree = "<group>"; };
		02CFB50C1A86455200DC51CA /* testTests.swift */ = {isa = PBXFileReference; lastKnownFileType = sourcecode.swift; path = testTests.swift; sourceTree = "<group>"; };
/* End PBXFileReference section */

/* Begin PBXFrameworksBuildPhase section */
		02CFB4EE1A86455200DC51CA /* Frameworks */ = {
			isa = PBXFrameworksBuildPhase;
			buildActionMask = 2147483647;
			files = (
			);
			runOnlyForDeploymentPostprocessing = 0;
		};
		02CFB5031A86455200DC51CA /* Frameworks */ = {
			isa = PBXFrameworksBuildPhase;
			buildActionMask = 2147483647;
			files = (
			);
			runOnlyForDeploymentPostprocessing = 0;
		};
/* End PBXFrameworksBuildPhase section */

/* Begin PBXGroup section */
		02CFB4E81A86455200DC51CA = {
			isa = PBXGroup;
			children = (
				02CFB4F31A86455200DC51CA /* test */,
				02CFB5091A86455200DC51CA /* testTests */,
				02CFB4F21A86455200DC51CA /* Products */,
			);
			sourceTree = "<group>";
		};
		02CFB4F21A86455200DC51CA /* Products */ = {
			isa = PBXGroup;
			children = (
				02CFB4F11A86455200DC51CA /* test.app */,
				02CFB5061A86455200DC51CA /* testTests.xctest */,
			);
			name = Products;
			sourceTree = "<group>";
		};
		02CFB4F31A86455200DC51CA /* test */ = {
			isa = PBXGroup;
			children = (
				02CFB4F61A86455200DC51CA /* AppDelegate.swift */,
				02CFB4F81A86455200DC51CA /* ViewController.swift */,
				02CFB4FA1A86455200DC51CA /* Main.storyboard */,
				02CFB4FD1A86455200DC51CA /* Images.xcassets */,
				02CFB4FF1A86455200DC51CA /* LaunchScreen.xib */,
				02CFB4F41A86455200DC51CA /* Supporting Files */,
			);
			path = test;
			sourceTree = "<group>";
		};
		02CFB4F41A86455200DC51CA /* Supporting Files */ = {
			isa = PBXGroup;
			children = (
				02CFB4F51A86455200DC51CA /* Info.plist */,
			);
			name = "Supporting Files";
			sourceTree = "<group>";
		};
		02CFB5091A86455200DC51CA /* testTests */ = {
			isa = PBXGroup;
			children = (
				02CFB50C1A86455200DC51CA /* testTests.swift */,
				02CFB50A1A86455200DC51CA /* Supporting Files */,
			);
			path = testTests;
			sourceTree = "<group>";
		};
		02CFB50A1A86455200DC51CA /* Supporting Files */ = {
			isa = PBXGroup;
			children = (
				02CFB50B1A86455200DC51CA /* Info.plist */,
			);
			name = "Supporting Files";
			sourceTree = "<group>";
		};
/* End PBXGroup section */

/* Begin PBXNativeTarget section */
		02CFB4F01A86455200DC51CA /* test */ = {
			isa = PBXNativeTarget;
			buildConfigurationList = 02CFB5101A86455200DC51CA /* Build configuration list for PBXNativeTarget "test" */;
			buildPhases = (
				02CFB4ED1A86455200DC51CA /* Sources */,
				02CFB4EE1A86455200DC51CA /* Frameworks */,
				02CFB4EF1A86455200DC51CA /* Resources */,
			);
			buildRules = (
			);
			dependencies = (
			);
			name = test;
			productName = test;
			productReference = 02CFB4F11A86455200DC51CA /* test.app */;
			productType = "com.apple.product-type.application";
		};
		02CFB5051A86455200DC51CA /* testTests */ = {
			isa = PBXNativeTarget;
			buildConfigurationList = 02CFB5131A86455200DC51CA /* Build configuration list for PBXNativeTarget "testTests" */;
			buildPhases = (
				02CFB5021A86455200DC51CA /* Sources */,
				02CFB5031A86455200DC51CA /* Frameworks */,
				02CFB5041A86455200DC51CA /* Resources */,
			);
			buildRules = (
			);
			dependencies = (
				02CFB5081A86455200DC51CA /* PBXTargetDependency */,
			);
			name = testTests;
			productName = testTests;
			productReference = 02CFB5061A86455200DC51CA /* testTests.xctest */;
			productType = "com.apple.product-type.bundle.unit-test";
		};
/* End PBXNativeTarget section */

/* Begin PBXProject section */
		02CFB4E91A86455200DC51CA /* Project object */ = {
			isa = PBXProject;
			attributes = {
				LastUpgradeCheck = 0610;
				ORGANIZATIONNAME = "Katie Porterfield";
				TargetAttributes = {
					02CFB4F01A86455200DC51CA = {
						CreatedOnToolsVersion = 6.1.1;
					};
					02CFB5051A86455200DC51CA = {
						CreatedOnToolsVersion = 6.1.1;
						TestTargetID = 02CFB4F01A86455200DC51CA;
					};
				};
			};
			buildConfigurationList = 02CFB4EC1A86455200DC51CA /* Build configuration list for PBXProject "test" */;
			compatibilityVersion = "Xcode 3.2";
			developmentRegion = English;
			hasScannedForEncodings = 0;
			knownRegions = (
				en,
				Base,
			);
			mainGroup = 02CFB4E81A86455200DC51CA;
			productRefGroup = 02CFB4F21A86455200DC51CA /* Products */;
			projectDirPath = "";
			projectRoot = "";
			targets = (
				02CFB4F01A86455200DC51CA /* test */,
				02CFB5051A86455200DC51CA /* testTests */,
			);
		};
/* End PBXProject section */

/* Begin PBXResourcesBuildPhase section */
		02CFB4EF1A86455200DC51CA /* Resources */ = {
			isa = PBXResourcesBuildPhase;
			buildActionMask = 2147483647;
			files = (
				02CFB4FC1A86455200DC51CA /* Main.storyboard in Resources */,
				02CFB5011A86455200DC51CA /* LaunchScreen.xib in Resources */,
				02CFB4FE1A86455200DC51CA /* Images.xcassets in Resources */,
			);
			runOnlyForDeploymentPostprocessing = 0;
		};
		02CFB5041A86455200DC51CA /* Resources */ = {
			isa = PBXResourcesBuildPhase;
			buildActionMask = 2147483647;
			files = (
			);
			runOnlyForDeploymentPostprocessing = 0;
		};
/* End PBXResourcesBuildPhase section */

/* Begin PBXSourcesBuildPhase section */
		02CFB4ED1A86455200DC51CA /* Sources */ = {
			isa = PBXSourcesBuildPhase;
			buildActionMask = 2147483647;
			files = (
				02CFB4F91A86455200DC51CA /* ViewController.swift in Sources */,
				02CFB4F71A86455200DC51CA /* AppDelegate.swift in Sources */,
			);
			runOnlyForDeploymentPostprocessing = 0;
		};
		02CFB5021A86455200DC51CA /* Sources */ = {
			isa = PBXSourcesBuildPhase;
			buildActionMask = 2147483647;
			files = (
				02CFB50D1A86455200DC51CA /* testTests.swift in Sources */,
			);
			runOnlyForDeploymentPostprocessing = 0;
		};
/* End PBXSourcesBuildPhase section */

/* Begin PBXTargetDependency section */
		02CFB5081A86455200DC51CA /* PBXTargetDependency */ = {
			isa = PBXTargetDependency;
			target = 02CFB4F01A86455200DC51CA /* test */;
			targetProxy = 02CFB5071A86455200DC51CA /* PBXContainerItemProxy */;
		};
/* End PBXTargetDependency section */

/* Begin PBXVariantGroup section */
		02CFB4FA1A86455200DC51CA /* Main.storyboard */ = {
			isa = PBXVariantGroup;
			children = (
				02CFB4FB1A86455200DC51CA /* Base */,
			);
			name = Main.storyboard;
			sourceTree = "<group>";
		};
		02CFB4FF1A86455200DC51CA /* LaunchScreen.xib */ = {
			isa = PBXVariantGroup;
			children = (
				02CFB5001A86455200DC51CA /* Base */,
			);
			name = LaunchScreen.xib;
			sourceTree = "<group>";
		};
/* End PBXVariantGroup section */

/* Begin XCBuildConfiguration section */
		02CFB50E1A86455200DC51CA /* Debug */ = {
			isa = XCBuildConfiguration;
			buildSettings = {
				ALWAYS_SEARCH_USER_PATHS = NO;
				CLANG_CXX_LANGUAGE_STANDARD = "gnu++0x";
				CLANG_CXX_LIBRARY = "libc++";
				CLANG_ENABLE_MODULES = YES;
				CLANG_ENABLE_OBJC_ARC = YES;
				CLANG_WARN_BOOL_CONVERSION = YES;
				CLANG_WARN_CONSTANT_CONVERSION = YES;
				CLANG_WARN_DIRECT_OBJC_ISA_USAGE = YES_ERROR;
				CLANG_WARN_EMPTY_BODY = YES;
				CLANG_WARN_ENUM_CONVERSION = YES;
				CLANG_WARN_INT_CONVERSION = YES;
				CLANG_WARN_OBJC_ROOT_CLASS = YES_ERROR;
				CLANG_WARN_UNREACHABLE_CODE = YES;
				CLANG_WARN__DUPLICATE_METHOD_MATCH = YES;
				"CODE_SIGN_IDENTITY[sdk=iphoneos*]" = "iPhone Developer";
				COPY_PHASE_STRIP = NO;
				ENABLE_STRICT_OBJC_MSGSEND = YES;
				GCC_C_LANGUAGE_STANDARD = gnu99;
				GCC_DYNAMIC_NO_PIC = NO;
				GCC_OPTIMIZATION_LEVEL = 0;
				GCC_PREPROCESSOR_DEFINITIONS = (
					"DEBUG=1",
					"$(inherited)",
				);
				GCC_SYMBOLS_PRIVATE_EXTERN = NO;
				GCC_WARN_64_TO_32_BIT_CONVERSION = YES;
				GCC_WARN_ABOUT_RETURN_TYPE = YES_ERROR;
				GCC_WARN_UNDECLARED_SELECTOR = YES;
				GCC_WARN_UNINITIALIZED_AUTOS = YES_AGGRESSIVE;
				GCC_WARN_UNUSED_FUNCTION = YES;
				GCC_WARN_UNUSED_VARIABLE = YES;
				IPHONEOS_DEPLOYMENT_TARGET = 8.1;
				MTL_ENABLE_DEBUG_INFO = YES;
				ONLY_ACTIVE_ARCH = YES;
				SDKROOT = iphoneos;
				SWIFT_OPTIMIZATION_LEVEL = "-Onone";
				TARGETED_DEVICE_FAMILY = "1,2";
			};
			name = Debug;
		};
		02CFB50F1A86455200DC51CA /* Release */ = {
			isa = XCBuildConfiguration;
			buildSettings = {
				ALWAYS_SEARCH_USER_PATHS = NO;
				CLANG_CXX_LANGUAGE_STANDARD = "gnu++0x";
				CLANG_CXX_LIBRARY = "libc++";
				CLANG_ENABLE_MODULES = YES;
				CLANG_ENABLE_OBJC_ARC = YES;
				CLANG_WARN_BOOL_CONVERSION = YES;
				CLANG_WARN_CONSTANT_CONVERSION = YES;
				CLANG_WARN_DIRECT_OBJC_ISA_USAGE = YES_ERROR;
				CLANG_WARN_EMPTY_BODY = YES;
				CLANG_WARN_ENUM_CONVERSION = YES;
				CLANG_WARN_INT_CONVERSION = YES;
				CLANG_WARN_OBJC_ROOT_CLASS = YES_ERROR;
				CLANG_WARN_UNREACHABLE_CODE = YES;
				CLANG_WARN__DUPLICATE_METHOD_MATCH = YES;
				"CODE_SIGN_IDENTITY[sdk=iphoneos*]" = "iPhone Developer";
				COPY_PHASE_STRIP = YES;
				ENABLE_NS_ASSERTIONS = NO;
				ENABLE_STRICT_OBJC_MSGSEND = YES;
				GCC_C_LANGUAGE_STANDARD = gnu99;
				GCC_WARN_64_TO_32_BIT_CONVERSION = YES;
				GCC_WARN_ABOUT_RETURN_TYPE = YES_ERROR;
				GCC_WARN_UNDECLARED_SELECTOR = YES;
				GCC_WARN_UNINITIALIZED_AUTOS = YES_AGGRESSIVE;
				GCC_WARN_UNUSED_FUNCTION = YES;
				GCC_WARN_UNUSED_VARIABLE = YES;
				IPHONEOS_DEPLOYMENT_TARGET = 8.1;
				MTL_ENABLE_DEBUG_INFO = NO;
				SDKROOT = iphoneos;
				TARGETED_DEVICE_FAMILY = "1,2";
				VALIDATE_PRODUCT = YES;
			};
			name = Release;
		};
		02CFB5111A86455200DC51CA /* Debug */ = {
			isa = XCBuildConfiguration;
			buildSettings = {
				ASSETCATALOG_COMPILER_APPICON_NAME = AppIcon;
				INFOPLIST_FILE = test/Info.plist;
				LD_RUNPATH_SEARCH_PATHS = "$(inherited) @executable_path/Frameworks";
				PRODUCT_NAME = "$(TARGET_NAME)";
			};
			name = Debug;
		};
		02CFB5121A86455200DC51CA /* Release */ = {
			isa = XCBuildConfiguration;
			buildSettings = {
				ASSETCATALOG_COMPILER_APPICON_NAME = AppIcon;
				INFOPLIST_FILE = test/Info.plist;
				LD_RUNPATH_SEARCH_PATHS = "$(inherited) @executable_path/Frameworks";
				PRODUCT_NAME = "$(TARGET_NAME)";
			};
			name = Release;
		};
		02CFB5141A86455200DC51CA /* Debug */ = {
			isa = XCBuildConfiguration;
			buildSettings = {
				BUNDLE_LOADER = "$(TEST_HOST)";
				FRAMEWORK_SEARCH_PATHS = (
					"$(SDKROOT)/Developer/Library/Frameworks",
					"$(inherited)",
				);
				GCC_PREPROCESSOR_DEFINITIONS = (
					"DEBUG=1",
					"$(inherited)",
				);
				INFOPLIST_FILE = testTests/Info.plist;
				LD_RUNPATH_SEARCH_PATHS = "$(inherited) @executable_path/Frameworks @loader_path/Frameworks";
				PRODUCT_NAME = "$(TARGET_NAME)";
				TEST_HOST = "$(BUILT_PRODUCTS_DIR)/test.app/test";
			};
			name = Debug;
		};
		02CFB5151A86455200DC51CA /* Release */ = {
			isa = XCBuildConfiguration;
			buildSettings = {
				BUNDLE_LOADER = "$(TEST_HOST)";
				FRAMEWORK_SEARCH_PATHS = (
					"$(SDKROOT)/Developer/Library/Frameworks",
					"$(inherited)",
				);
				INFOPLIST_FILE = testTests/Info.plist;
				LD_RUNPATH_SEARCH_PATHS = "$(inherited) @executable_path/Frameworks @loader_path/Frameworks";
				PRODUCT_NAME = "$(TARGET_NAME)";
				TEST_HOST = "$(BUILT_PRODUCTS_DIR)/test.app/test";
			};
			name = Release;
		};
/* End XCBuildConfiguration section */

/* Begin XCConfigurationList section */
		02CFB4EC1A86455200DC51CA /* Build configuration list for PBXProject "test" */ = {
			isa = XCConfigurationList;
			buildConfigurations = (
				02CFB50E1A86455200DC51CA /* Debug */,
				02CFB50F1A86455200DC51CA /* Release */,
			);
			defaultConfigurationIsVisible = 0;
			defaultConfigurationName = Release;
		};
		02CFB5101A86455200DC51CA /* Build configuration list for PBXNativeTarget "test" */ = {
			isa = XCConfigurationList;
			buildConfigurations = (
				02CFB5111A86455200DC51CA /* Debug */,
				02CFB5121A86455200DC51CA /* Release */,
			);
			defaultConfigurationIsVisible = 0;
		};
		02CFB5131A86455200DC51CA /* Build configuration list for PBXNativeTarget "testTests" */ = {
			isa = XCConfigurationList;
			buildConfigurations = (
				02CFB5141A86455200DC51CA /* Debug */,
				02CFB5151A86455200DC51CA /* Release */,
			);
			defaultConfigurationIsVisible = 0;
		};
/* End XCConfigurationList section */
	};
	rootObject = 02CFB4E91A86455200DC51CA /* Project object */;
}
