// !$*UTF8*$!
{
	archiveVersion = 1;
	classes = {
	};
	objectVersion = 46;
	objects = {

/* Begin PBXBuildFile section */
		02CFB4C31A85F3EE00DC51CA /* AppDelegate.swift in Sources */ = {isa = PBXBuildFile; fileRef = 02CFB4C21A85F3EE00DC51CA /* AppDelegate.swift */; };
		02CFB4C51A85F3EE00DC51CA /* RootViewController.swift in Sources */ = {isa = PBXBuildFile; fileRef = 02CFB4C41A85F3EE00DC51CA /* RootViewController.swift */; };
		02CFB4C71A85F3EE00DC51CA /* DataViewController.swift in Sources */ = {isa = PBXBuildFile; fileRef = 02CFB4C61A85F3EE00DC51CA /* DataViewController.swift */; };
		02CFB4C91A85F3EE00DC51CA /* ModelController.swift in Sources */ = {isa = PBXBuildFile; fileRef = 02CFB4C81A85F3EE00DC51CA /* ModelController.swift */; };
		02CFB4CC1A85F3EE00DC51CA /* Main.storyboard in Resources */ = {isa = PBXBuildFile; fileRef = 02CFB4CA1A85F3EE00DC51CA /* Main.storyboard */; };
		02CFB4CE1A85F3EE00DC51CA /* Images.xcassets in Resources */ = {isa = PBXBuildFile; fileRef = 02CFB4CD1A85F3EE00DC51CA /* Images.xcassets */; };
		02CFB4D11A85F3EE00DC51CA /* LaunchScreen.xib in Resources */ = {isa = PBXBuildFile; fileRef = 02CFB4CF1A85F3EE00DC51CA /* LaunchScreen.xib */; };
		02CFB4DD1A85F3EE00DC51CA /* TeamWithMeIOSTests.swift in Sources */ = {isa = PBXBuildFile; fileRef = 02CFB4DC1A85F3EE00DC51CA /* TeamWithMeIOSTests.swift */; };
/* End PBXBuildFile section */

/* Begin PBXContainerItemProxy section */
		02CFB4D71A85F3EE00DC51CA /* PBXContainerItemProxy */ = {
			isa = PBXContainerItemProxy;
			containerPortal = 02CFB4B51A85F3EE00DC51CA /* Project object */;
			proxyType = 1;
			remoteGlobalIDString = 02CFB4BC1A85F3EE00DC51CA;
			remoteInfo = TeamWithMeIOS;
		};
/* End PBXContainerItemProxy section */

/* Begin PBXFileReference section */
		02CFB4BD1A85F3EE00DC51CA /* TeamWithMeIOS.app */ = {isa = PBXFileReference; explicitFileType = wrapper.application; includeInIndex = 0; path = TeamWithMeIOS.app; sourceTree = BUILT_PRODUCTS_DIR; };
		02CFB4C11A85F3EE00DC51CA /* Info.plist */ = {isa = PBXFileReference; lastKnownFileType = text.plist.xml; path = Info.plist; sourceTree = "<group>"; };
		02CFB4C21A85F3EE00DC51CA /* AppDelegate.swift */ = {isa = PBXFileReference; lastKnownFileType = sourcecode.swift; path = AppDelegate.swift; sourceTree = "<group>"; };
		02CFB4C41A85F3EE00DC51CA /* RootViewController.swift */ = {isa = PBXFileReference; lastKnownFileType = sourcecode.swift; path = RootViewController.swift; sourceTree = "<group>"; };
		02CFB4C61A85F3EE00DC51CA /* DataViewController.swift */ = {isa = PBXFileReference; lastKnownFileType = sourcecode.swift; path = DataViewController.swift; sourceTree = "<group>"; };
		02CFB4C81A85F3EE00DC51CA /* ModelController.swift */ = {isa = PBXFileReference; lastKnownFileType = sourcecode.swift; path = ModelController.swift; sourceTree = "<group>"; };
		02CFB4CB1A85F3EE00DC51CA /* Base */ = {isa = PBXFileReference; lastKnownFileType = file.storyboard; name = Base; path = Base.lproj/Main.storyboard; sourceTree = "<group>"; };
		02CFB4CD1A85F3EE00DC51CA /* Images.xcassets */ = {isa = PBXFileReference; lastKnownFileType = folder.assetcatalog; path = Images.xcassets; sourceTree = "<group>"; };
		02CFB4D01A85F3EE00DC51CA /* Base */ = {isa = PBXFileReference; lastKnownFileType = file.xib; name = Base; path = Base.lproj/LaunchScreen.xib; sourceTree = "<group>"; };
		02CFB4D61A85F3EE00DC51CA /* TeamWithMeIOSTests.xctest */ = {isa = PBXFileReference; explicitFileType = wrapper.cfbundle; includeInIndex = 0; path = TeamWithMeIOSTests.xctest; sourceTree = BUILT_PRODUCTS_DIR; };
		02CFB4DB1A85F3EE00DC51CA /* Info.plist */ = {isa = PBXFileReference; lastKnownFileType = text.plist.xml; path = Info.plist; sourceTree = "<group>"; };
		02CFB4DC1A85F3EE00DC51CA /* TeamWithMeIOSTests.swift */ = {isa = PBXFileReference; lastKnownFileType = sourcecode.swift; path = TeamWithMeIOSTests.swift; sourceTree = "<group>"; };
/* End PBXFileReference section */

/* Begin PBXFrameworksBuildPhase section */
		02CFB4BA1A85F3EE00DC51CA /* Frameworks */ = {
			isa = PBXFrameworksBuildPhase;
			buildActionMask = 2147483647;
			files = (
			);
			runOnlyForDeploymentPostprocessing = 0;
		};
		02CFB4D31A85F3EE00DC51CA /* Frameworks */ = {
			isa = PBXFrameworksBuildPhase;
			buildActionMask = 2147483647;
			files = (
			);
			runOnlyForDeploymentPostprocessing = 0;
		};
/* End PBXFrameworksBuildPhase section */

/* Begin PBXGroup section */
		02CFB4B41A85F3EE00DC51CA = {
			isa = PBXGroup;
			children = (
				02CFB4BF1A85F3EE00DC51CA /* TeamWithMeIOS */,
				02CFB4D91A85F3EE00DC51CA /* TeamWithMeIOSTests */,
				02CFB4BE1A85F3EE00DC51CA /* Products */,
			);
			sourceTree = "<group>";
		};
		02CFB4BE1A85F3EE00DC51CA /* Products */ = {
			isa = PBXGroup;
			children = (
				02CFB4BD1A85F3EE00DC51CA /* TeamWithMeIOS.app */,
				02CFB4D61A85F3EE00DC51CA /* TeamWithMeIOSTests.xctest */,
			);
			name = Products;
			sourceTree = "<group>";
		};
		02CFB4BF1A85F3EE00DC51CA /* TeamWithMeIOS */ = {
			isa = PBXGroup;
			children = (
				02CFB4C21A85F3EE00DC51CA /* AppDelegate.swift */,
				02CFB4C41A85F3EE00DC51CA /* RootViewController.swift */,
				02CFB4C61A85F3EE00DC51CA /* DataViewController.swift */,
				02CFB4C81A85F3EE00DC51CA /* ModelController.swift */,
				02CFB4CA1A85F3EE00DC51CA /* Main.storyboard */,
				02CFB4CD1A85F3EE00DC51CA /* Images.xcassets */,
				02CFB4CF1A85F3EE00DC51CA /* LaunchScreen.xib */,
				02CFB4C01A85F3EE00DC51CA /* Supporting Files */,
			);
			path = TeamWithMeIOS;
			sourceTree = "<group>";
		};
		02CFB4C01A85F3EE00DC51CA /* Supporting Files */ = {
			isa = PBXGroup;
			children = (
				02CFB4C11A85F3EE00DC51CA /* Info.plist */,
			);
			name = "Supporting Files";
			sourceTree = "<group>";
		};
		02CFB4D91A85F3EE00DC51CA /* TeamWithMeIOSTests */ = {
			isa = PBXGroup;
			children = (
				02CFB4DC1A85F3EE00DC51CA /* TeamWithMeIOSTests.swift */,
				02CFB4DA1A85F3EE00DC51CA /* Supporting Files */,
			);
			path = TeamWithMeIOSTests;
			sourceTree = "<group>";
		};
		02CFB4DA1A85F3EE00DC51CA /* Supporting Files */ = {
			isa = PBXGroup;
			children = (
				02CFB4DB1A85F3EE00DC51CA /* Info.plist */,
			);
			name = "Supporting Files";
			sourceTree = "<group>";
		};
/* End PBXGroup section */

/* Begin PBXNativeTarget section */
		02CFB4BC1A85F3EE00DC51CA /* TeamWithMeIOS */ = {
			isa = PBXNativeTarget;
			buildConfigurationList = 02CFB4E01A85F3EE00DC51CA /* Build configuration list for PBXNativeTarget "TeamWithMeIOS" */;
			buildPhases = (
				02CFB4B91A85F3EE00DC51CA /* Sources */,
				02CFB4BA1A85F3EE00DC51CA /* Frameworks */,
				02CFB4BB1A85F3EE00DC51CA /* Resources */,
			);
			buildRules = (
			);
			dependencies = (
			);
			name = TeamWithMeIOS;
			productName = TeamWithMeIOS;
			productReference = 02CFB4BD1A85F3EE00DC51CA /* TeamWithMeIOS.app */;
			productType = "com.apple.product-type.application";
		};
		02CFB4D51A85F3EE00DC51CA /* TeamWithMeIOSTests */ = {
			isa = PBXNativeTarget;
			buildConfigurationList = 02CFB4E31A85F3EE00DC51CA /* Build configuration list for PBXNativeTarget "TeamWithMeIOSTests" */;
			buildPhases = (
				02CFB4D21A85F3EE00DC51CA /* Sources */,
				02CFB4D31A85F3EE00DC51CA /* Frameworks */,
				02CFB4D41A85F3EE00DC51CA /* Resources */,
			);
			buildRules = (
			);
			dependencies = (
				02CFB4D81A85F3EE00DC51CA /* PBXTargetDependency */,
			);
			name = TeamWithMeIOSTests;
			productName = TeamWithMeIOSTests;
			productReference = 02CFB4D61A85F3EE00DC51CA /* TeamWithMeIOSTests.xctest */;
			productType = "com.apple.product-type.bundle.unit-test";
		};
/* End PBXNativeTarget section */

/* Begin PBXProject section */
		02CFB4B51A85F3EE00DC51CA /* Project object */ = {
			isa = PBXProject;
			attributes = {
				LastUpgradeCheck = 0610;
				TargetAttributes = {
					02CFB4BC1A85F3EE00DC51CA = {
						CreatedOnToolsVersion = 6.1.1;
					};
					02CFB4D51A85F3EE00DC51CA = {
						CreatedOnToolsVersion = 6.1.1;
						TestTargetID = 02CFB4BC1A85F3EE00DC51CA;
					};
				};
			};
			buildConfigurationList = 02CFB4B81A85F3EE00DC51CA /* Build configuration list for PBXProject "TeamWithMeIOS" */;
			compatibilityVersion = "Xcode 3.2";
			developmentRegion = English;
			hasScannedForEncodings = 0;
			knownRegions = (
				en,
				Base,
			);
			mainGroup = 02CFB4B41A85F3EE00DC51CA;
			productRefGroup = 02CFB4BE1A85F3EE00DC51CA /* Products */;
			projectDirPath = "";
			projectRoot = "";
			targets = (
				02CFB4BC1A85F3EE00DC51CA /* TeamWithMeIOS */,
				02CFB4D51A85F3EE00DC51CA /* TeamWithMeIOSTests */,
			);
		};
/* End PBXProject section */

/* Begin PBXResourcesBuildPhase section */
		02CFB4BB1A85F3EE00DC51CA /* Resources */ = {
			isa = PBXResourcesBuildPhase;
			buildActionMask = 2147483647;
			files = (
				02CFB4CC1A85F3EE00DC51CA /* Main.storyboard in Resources */,
				02CFB4D11A85F3EE00DC51CA /* LaunchScreen.xib in Resources */,
				02CFB4CE1A85F3EE00DC51CA /* Images.xcassets in Resources */,
			);
			runOnlyForDeploymentPostprocessing = 0;
		};
		02CFB4D41A85F3EE00DC51CA /* Resources */ = {
			isa = PBXResourcesBuildPhase;
			buildActionMask = 2147483647;
			files = (
			);
			runOnlyForDeploymentPostprocessing = 0;
		};
/* End PBXResourcesBuildPhase section */

/* Begin PBXSourcesBuildPhase section */
		02CFB4B91A85F3EE00DC51CA /* Sources */ = {
			isa = PBXSourcesBuildPhase;
			buildActionMask = 2147483647;
			files = (
				02CFB4C51A85F3EE00DC51CA /* RootViewController.swift in Sources */,
				02CFB4C91A85F3EE00DC51CA /* ModelController.swift in Sources */,
				02CFB4C71A85F3EE00DC51CA /* DataViewController.swift in Sources */,
				02CFB4C31A85F3EE00DC51CA /* AppDelegate.swift in Sources */,
			);
			runOnlyForDeploymentPostprocessing = 0;
		};
		02CFB4D21A85F3EE00DC51CA /* Sources */ = {
			isa = PBXSourcesBuildPhase;
			buildActionMask = 2147483647;
			files = (
				02CFB4DD1A85F3EE00DC51CA /* TeamWithMeIOSTests.swift in Sources */,
			);
			runOnlyForDeploymentPostprocessing = 0;
		};
/* End PBXSourcesBuildPhase section */

/* Begin PBXTargetDependency section */
		02CFB4D81A85F3EE00DC51CA /* PBXTargetDependency */ = {
			isa = PBXTargetDependency;
			target = 02CFB4BC1A85F3EE00DC51CA /* TeamWithMeIOS */;
			targetProxy = 02CFB4D71A85F3EE00DC51CA /* PBXContainerItemProxy */;
		};
/* End PBXTargetDependency section */

/* Begin PBXVariantGroup section */
		02CFB4CA1A85F3EE00DC51CA /* Main.storyboard */ = {
			isa = PBXVariantGroup;
			children = (
				02CFB4CB1A85F3EE00DC51CA /* Base */,
			);
			name = Main.storyboard;
			sourceTree = "<group>";
		};
		02CFB4CF1A85F3EE00DC51CA /* LaunchScreen.xib */ = {
			isa = PBXVariantGroup;
			children = (
				02CFB4D01A85F3EE00DC51CA /* Base */,
			);
			name = LaunchScreen.xib;
			sourceTree = "<group>";
		};
/* End PBXVariantGroup section */

/* Begin XCBuildConfiguration section */
		02CFB4DE1A85F3EE00DC51CA /* Debug */ = {
			isa = XCBuildConfiguration;
			buildSettings = {
				ALWAYS_SEARCH_USER_PATHS = NO;
				CLANG_CXX_LANGUAGE_STANDARD = "gnu++0x";
				CLANG_CXX_LIBRARY = "libc++";
				CLANG_ENABLE_MODULES = YES;
				CLANG_ENABLE_OBJC_ARC = YES;
				CLANG_WARN_BOOL_CONVERSION = YES;
				CLANG_WARN_CONSTANT_CONVERSION = YES;
				CLANG_WARN_DIRECT_OBJC_ISA_USAGE = YES_ERROR;
				CLANG_WARN_EMPTY_BODY = YES;
				CLANG_WARN_ENUM_CONVERSION = YES;
				CLANG_WARN_INT_CONVERSION = YES;
				CLANG_WARN_OBJC_ROOT_CLASS = YES_ERROR;
				CLANG_WARN_UNREACHABLE_CODE = YES;
				CLANG_WARN__DUPLICATE_METHOD_MATCH = YES;
				"CODE_SIGN_IDENTITY[sdk=iphoneos*]" = "iPhone Developer";
				COPY_PHASE_STRIP = NO;
				ENABLE_STRICT_OBJC_MSGSEND = YES;
				GCC_C_LANGUAGE_STANDARD = gnu99;
				GCC_DYNAMIC_NO_PIC = NO;
				GCC_OPTIMIZATION_LEVEL = 0;
				GCC_PREPROCESSOR_DEFINITIONS = (
					"DEBUG=1",
					"$(inherited)",
				);
				GCC_SYMBOLS_PRIVATE_EXTERN = NO;
				GCC_WARN_64_TO_32_BIT_CONVERSION = YES;
				GCC_WARN_ABOUT_RETURN_TYPE = YES_ERROR;
				GCC_WARN_UNDECLARED_SELECTOR = YES;
				GCC_WARN_UNINITIALIZED_AUTOS = YES_AGGRESSIVE;
				GCC_WARN_UNUSED_FUNCTION = YES;
				GCC_WARN_UNUSED_VARIABLE = YES;
				IPHONEOS_DEPLOYMENT_TARGET = 8.1;
				MTL_ENABLE_DEBUG_INFO = YES;
				ONLY_ACTIVE_ARCH = YES;
				SDKROOT = iphoneos;
				SWIFT_OPTIMIZATION_LEVEL = "-Onone";
			};
			name = Debug;
		};
		02CFB4DF1A85F3EE00DC51CA /* Release */ = {
			isa = XCBuildConfiguration;
			buildSettings = {
				ALWAYS_SEARCH_USER_PATHS = NO;
				CLANG_CXX_LANGUAGE_STANDARD = "gnu++0x";
				CLANG_CXX_LIBRARY = "libc++";
				CLANG_ENABLE_MODULES = YES;
				CLANG_ENABLE_OBJC_ARC = YES;
				CLANG_WARN_BOOL_CONVERSION = YES;
				CLANG_WARN_CONSTANT_CONVERSION = YES;
				CLANG_WARN_DIRECT_OBJC_ISA_USAGE = YES_ERROR;
				CLANG_WARN_EMPTY_BODY = YES;
				CLANG_WARN_ENUM_CONVERSION = YES;
				CLANG_WARN_INT_CONVERSION = YES;
				CLANG_WARN_OBJC_ROOT_CLASS = YES_ERROR;
				CLANG_WARN_UNREACHABLE_CODE = YES;
				CLANG_WARN__DUPLICATE_METHOD_MATCH = YES;
				"CODE_SIGN_IDENTITY[sdk=iphoneos*]" = "iPhone Developer";
				COPY_PHASE_STRIP = YES;
				ENABLE_NS_ASSERTIONS = NO;
				ENABLE_STRICT_OBJC_MSGSEND = YES;
				GCC_C_LANGUAGE_STANDARD = gnu99;
				GCC_WARN_64_TO_32_BIT_CONVERSION = YES;
				GCC_WARN_ABOUT_RETURN_TYPE = YES_ERROR;
				GCC_WARN_UNDECLARED_SELECTOR = YES;
				GCC_WARN_UNINITIALIZED_AUTOS = YES_AGGRESSIVE;
				GCC_WARN_UNUSED_FUNCTION = YES;
				GCC_WARN_UNUSED_VARIABLE = YES;
				IPHONEOS_DEPLOYMENT_TARGET = 8.1;
				MTL_ENABLE_DEBUG_INFO = NO;
				SDKROOT = iphoneos;
				VALIDATE_PRODUCT = YES;
			};
			name = Release;
		};
		02CFB4E11A85F3EE00DC51CA /* Debug */ = {
			isa = XCBuildConfiguration;
			buildSettings = {
				ASSETCATALOG_COMPILER_APPICON_NAME = AppIcon;
				INFOPLIST_FILE = TeamWithMeIOS/Info.plist;
				LD_RUNPATH_SEARCH_PATHS = "$(inherited) @executable_path/Frameworks";
				PRODUCT_NAME = "$(TARGET_NAME)";
			};
			name = Debug;
		};
		02CFB4E21A85F3EE00DC51CA /* Release */ = {
			isa = XCBuildConfiguration;
			buildSettings = {
				ASSETCATALOG_COMPILER_APPICON_NAME = AppIcon;
				INFOPLIST_FILE = TeamWithMeIOS/Info.plist;
				LD_RUNPATH_SEARCH_PATHS = "$(inherited) @executable_path/Frameworks";
				PRODUCT_NAME = "$(TARGET_NAME)";
			};
			name = Release;
		};
		02CFB4E41A85F3EE00DC51CA /* Debug */ = {
			isa = XCBuildConfiguration;
			buildSettings = {
				BUNDLE_LOADER = "$(TEST_HOST)";
				FRAMEWORK_SEARCH_PATHS = (
					"$(SDKROOT)/Developer/Library/Frameworks",
					"$(inherited)",
				);
				GCC_PREPROCESSOR_DEFINITIONS = (
					"DEBUG=1",
					"$(inherited)",
				);
				INFOPLIST_FILE = TeamWithMeIOSTests/Info.plist;
				LD_RUNPATH_SEARCH_PATHS = "$(inherited) @executable_path/Frameworks @loader_path/Frameworks";
				PRODUCT_NAME = "$(TARGET_NAME)";
				TEST_HOST = "$(BUILT_PRODUCTS_DIR)/TeamWithMeIOS.app/TeamWithMeIOS";
			};
			name = Debug;
		};
		02CFB4E51A85F3EE00DC51CA /* Release */ = {
			isa = XCBuildConfiguration;
			buildSettings = {
				BUNDLE_LOADER = "$(TEST_HOST)";
				FRAMEWORK_SEARCH_PATHS = (
					"$(SDKROOT)/Developer/Library/Frameworks",
					"$(inherited)",
				);
				INFOPLIST_FILE = TeamWithMeIOSTests/Info.plist;
				LD_RUNPATH_SEARCH_PATHS = "$(inherited) @executable_path/Frameworks @loader_path/Frameworks";
				PRODUCT_NAME = "$(TARGET_NAME)";
				TEST_HOST = "$(BUILT_PRODUCTS_DIR)/TeamWithMeIOS.app/TeamWithMeIOS";
			};
			name = Release;
		};
/* End XCBuildConfiguration section */

/* Begin XCConfigurationList section */
		02CFB4B81A85F3EE00DC51CA /* Build configuration list for PBXProject "TeamWithMeIOS" */ = {
			isa = XCConfigurationList;
			buildConfigurations = (
				02CFB4DE1A85F3EE00DC51CA /* Debug */,
				02CFB4DF1A85F3EE00DC51CA /* Release */,
			);
			defaultConfigurationIsVisible = 0;
			defaultConfigurationName = Release;
		};
		02CFB4E01A85F3EE00DC51CA /* Build configuration list for PBXNativeTarget "TeamWithMeIOS" */ = {
			isa = XCConfigurationList;
			buildConfigurations = (
				02CFB4E11A85F3EE00DC51CA /* Debug */,
				02CFB4E21A85F3EE00DC51CA /* Release */,
			);
			defaultConfigurationIsVisible = 0;
		};
		02CFB4E31A85F3EE00DC51CA /* Build configuration list for PBXNativeTarget "TeamWithMeIOSTests" */ = {
			isa = XCConfigurationList;
			buildConfigurations = (
				02CFB4E41A85F3EE00DC51CA /* Debug */,
				02CFB4E51A85F3EE00DC51CA /* Release */,
			);
			defaultConfigurationIsVisible = 0;
		};
/* End XCConfigurationList section */
	};
	rootObject = 02CFB4B51A85F3EE00DC51CA /* Project object */;
}
